
Microsoft Visual Studio Solution File, Format Version 12.00
# Visual Studio Version 17
VisualStudioVersion = 17.0.32112.339
MinimumVisualStudioVersion = 10.0.40219.1
Project("{FAE04EC0-301F-11D3-BF4B-00C04F79EFBC}") = "IrisML", "IrisML\IrisML.csproj", "{87AD5F41-1A9C-41D6-BC49-32A0FC6A09E6}"
EndProject
Global
	GlobalSection(SolutionConfigurationPlatforms) = preSolution
		Debug|Any CPU = Debug|Any CPU
		Release|Any CPU = Release|Any CPU
	EndGlobalSection
	GlobalSection(ProjectConfigurationPlatforms) = postSolution
		{87AD5F41-1A9C-41D6-BC49-32A0FC6A09E6}.Debug|Any CPU.ActiveCfg = Debug|Any CPU
		{87AD5F41-1A9C-41D6-BC49-32A0FC6A09E6}.Debug|Any CPU.Build.0 = Debug|Any CPU
		{87AD5F41-1A9C-41D6-BC49-32A0FC6A09E6}.Release|Any CPU.ActiveCfg = Release|Any CPU
		{87AD5F41-1A9C-41D6-BC49-32A0FC6A09E6}.Release|Any CPU.Build.0 = Release|Any CPU
	EndGlobalSection
	GlobalSection(SolutionProperties) = preSolution
		HideSolutionNode = FALSE
	EndGlobalSection
	GlobalSection(ExtensibilityGlobals) = postSolution
		SolutionGuid = {9CFF8F81-DFB5-4CA1-B404-5E4893E21AC5}
	EndGlobalSection
EndGlobal
